
Microsoft Visual Studio Solution File, Format Version 12.00
# Visual Studio Version 17
VisualStudioVersion = 17.6.33723.286
MinimumVisualStudioVersion = 10.0.40219.1
Project("{FAE04EC0-301F-11D3-BF4B-00C04F79EFBC}") = "Orders_AppDev", "Orders_AppDev\Orders_AppDev.csproj", "{5133BC9E-0302-4E96-9262-C9FC65FD5549}"
EndProject
Global
	GlobalSection(SolutionConfigurationPlatforms) = preSolution
		Debug|Any CPU = Debug|Any CPU
		Release|Any CPU = Release|Any CPU
	EndGlobalSection
	GlobalSection(ProjectConfigurationPlatforms) = postSolution
		{5133BC9E-0302-4E96-9262-C9FC65FD5549}.Debug|Any CPU.ActiveCfg = Debug|Any CPU
		{5133BC9E-0302-4E96-9262-C9FC65FD5549}.Debug|Any CPU.Build.0 = Debug|Any CPU
		{5133BC9E-0302-4E96-9262-C9FC65FD5549}.Release|Any CPU.ActiveCfg = Release|Any CPU
		{5133BC9E-0302-4E96-9262-C9FC65FD5549}.Release|Any CPU.Build.0 = Release|Any CPU
	EndGlobalSection
	GlobalSection(SolutionProperties) = preSolution
		HideSolutionNode = FALSE
	EndGlobalSection
	GlobalSection(ExtensibilityGlobals) = postSolution
		SolutionGuid = {2358FDD5-373E-447F-A14F-998AD0BCDEEB}
	EndGlobalSection
EndGlobal
